
Microsoft Visual Studio Solution File, Format Version 12.00
# Visual Studio Version 17
VisualStudioVersion = 17.14.36127.28 d17.14
MinimumVisualStudioVersion = 10.0.40219.1
Project("{FAE04EC0-301F-11D3-BF4B-00C04F79EFBC}") = "XpBetSafe.Api", "XpBetSafe.Api.csproj", "{0E3CC86F-6E34-4C5A-92B6-D02FFEAD6AA2}"
EndProject
Global
	GlobalSection(SolutionConfigurationPlatforms) = preSolution
		Debug|Any CPU = Debug|Any CPU
		Release|Any CPU = Release|Any CPU
	EndGlobalSection
	GlobalSection(ProjectConfigurationPlatforms) = postSolution
		{0E3CC86F-6E34-4C5A-92B6-D02FFEAD6AA2}.Debug|Any CPU.ActiveCfg = Debug|Any CPU
		{0E3CC86F-6E34-4C5A-92B6-D02FFEAD6AA2}.Debug|Any CPU.Build.0 = Debug|Any CPU
		{0E3CC86F-6E34-4C5A-92B6-D02FFEAD6AA2}.Release|Any CPU.ActiveCfg = Release|Any CPU
		{0E3CC86F-6E34-4C5A-92B6-D02FFEAD6AA2}.Release|Any CPU.Build.0 = Release|Any CPU
	EndGlobalSection
	GlobalSection(SolutionProperties) = preSolution
		HideSolutionNode = FALSE
	EndGlobalSection
	GlobalSection(ExtensibilityGlobals) = postSolution
		SolutionGuid = {F242737E-68E2-4AD2-BD4F-83314BF22972}
	EndGlobalSection
EndGlobal
